
Microsoft Visual Studio Solution File, Format Version 12.00
# Visual Studio 14
VisualStudioVersion = 14.0.22609.0
MinimumVisualStudioVersion = 10.0.40219.1
Project("{FAE04EC0-301F-11D3-BF4B-00C04F79EFBC}") = "PT.SiteHandlerWebApi", "PT.SiteHandlerWebApi\PT.SiteHandlerWebApi.csproj", "{A4D81F48-2AF8-430A-8EEE-89D12A412343}"
EndProject
Project("{FAE04EC0-301F-11D3-BF4B-00C04F79EFBC}") = "PT.SiteHandlerWebApi.Tests", "PT.SiteHandlerWebApi.Tests\PT.SiteHandlerWebApi.Tests.csproj", "{98D41AFD-FF74-4E7C-B5CE-63D66E6F2C8C}"
EndProject
Project("{2150E333-8FDC-42A3-9474-1A3956D46DE8}") = "PublishScripts", "PublishScripts", "{DFE6171B-BE4C-4D4B-B66A-F55EB1C0D497}"
	ProjectSection(SolutionItems) = preProject
		PublishScripts\AzureWebsitePublishModule.psm1 = PublishScripts\AzureWebsitePublishModule.psm1
		PublishScripts\Publish-WebApplicationWebsite.ps1 = PublishScripts\Publish-WebApplicationWebsite.ps1
	EndProjectSection
EndProject
Project("{2150E333-8FDC-42A3-9474-1A3956D46DE8}") = "Configurations", "Configurations", "{C20B2742-DA1F-4376-9A80-D50DB9984347}"
	ProjectSection(SolutionItems) = preProject
		PublishScripts\Configurations\PTSiteHandlerWebApi-WAWS-dev.json = PublishScripts\Configurations\PTSiteHandlerWebApi-WAWS-dev.json
	EndProjectSection
EndProject
Project("{FAE04EC0-301F-11D3-BF4B-00C04F79EFBC}") = "OfficeDevPnP.Core", "..\..\PnP\OfficeDevPnP.Core\OfficeDevPnP.Core\OfficeDevPnP.Core.csproj", "{F2077977-8EBF-409D-BBF4-8EFB328928A8}"
EndProject
Global
	GlobalSection(SolutionConfigurationPlatforms) = preSolution
		Debug|Any CPU = Debug|Any CPU
		Debug15|Any CPU = Debug15|Any CPU
		Release|Any CPU = Release|Any CPU
		Release15|Any CPU = Release15|Any CPU
	EndGlobalSection
	GlobalSection(ProjectConfigurationPlatforms) = postSolution
		{A4D81F48-2AF8-430A-8EEE-89D12A412343}.Debug|Any CPU.ActiveCfg = Debug|Any CPU
		{A4D81F48-2AF8-430A-8EEE-89D12A412343}.Debug|Any CPU.Build.0 = Debug|Any CPU
		{A4D81F48-2AF8-430A-8EEE-89D12A412343}.Debug15|Any CPU.ActiveCfg = Debug|Any CPU
		{A4D81F48-2AF8-430A-8EEE-89D12A412343}.Debug15|Any CPU.Build.0 = Debug|Any CPU
		{A4D81F48-2AF8-430A-8EEE-89D12A412343}.Release|Any CPU.ActiveCfg = Release|Any CPU
		{A4D81F48-2AF8-430A-8EEE-89D12A412343}.Release|Any CPU.Build.0 = Release|Any CPU
		{A4D81F48-2AF8-430A-8EEE-89D12A412343}.Release15|Any CPU.ActiveCfg = Release|Any CPU
		{A4D81F48-2AF8-430A-8EEE-89D12A412343}.Release15|Any CPU.Build.0 = Release|Any CPU
		{98D41AFD-FF74-4E7C-B5CE-63D66E6F2C8C}.Debug|Any CPU.ActiveCfg = Debug|Any CPU
		{98D41AFD-FF74-4E7C-B5CE-63D66E6F2C8C}.Debug|Any CPU.Build.0 = Debug|Any CPU
		{98D41AFD-FF74-4E7C-B5CE-63D66E6F2C8C}.Debug15|Any CPU.ActiveCfg = Debug|Any CPU
		{98D41AFD-FF74-4E7C-B5CE-63D66E6F2C8C}.Debug15|Any CPU.Build.0 = Debug|Any CPU
		{98D41AFD-FF74-4E7C-B5CE-63D66E6F2C8C}.Release|Any CPU.ActiveCfg = Release|Any CPU
		{98D41AFD-FF74-4E7C-B5CE-63D66E6F2C8C}.Release|Any CPU.Build.0 = Release|Any CPU
		{98D41AFD-FF74-4E7C-B5CE-63D66E6F2C8C}.Release15|Any CPU.ActiveCfg = Release|Any CPU
		{98D41AFD-FF74-4E7C-B5CE-63D66E6F2C8C}.Release15|Any CPU.Build.0 = Release|Any CPU
		{F2077977-8EBF-409D-BBF4-8EFB328928A8}.Debug|Any CPU.ActiveCfg = Debug|Any CPU
		{F2077977-8EBF-409D-BBF4-8EFB328928A8}.Debug|Any CPU.Build.0 = Debug|Any CPU
		{F2077977-8EBF-409D-BBF4-8EFB328928A8}.Debug15|Any CPU.ActiveCfg = Debug15|Any CPU
		{F2077977-8EBF-409D-BBF4-8EFB328928A8}.Debug15|Any CPU.Build.0 = Debug15|Any CPU
		{F2077977-8EBF-409D-BBF4-8EFB328928A8}.Release|Any CPU.ActiveCfg = Release|Any CPU
		{F2077977-8EBF-409D-BBF4-8EFB328928A8}.Release|Any CPU.Build.0 = Release|Any CPU
		{F2077977-8EBF-409D-BBF4-8EFB328928A8}.Release15|Any CPU.ActiveCfg = Release15|Any CPU
		{F2077977-8EBF-409D-BBF4-8EFB328928A8}.Release15|Any CPU.Build.0 = Release15|Any CPU
	EndGlobalSection
	GlobalSection(SolutionProperties) = preSolution
		HideSolutionNode = FALSE
	EndGlobalSection
	GlobalSection(NestedProjects) = preSolution
		{C20B2742-DA1F-4376-9A80-D50DB9984347} = {DFE6171B-BE4C-4D4B-B66A-F55EB1C0D497}
	EndGlobalSection
EndGlobal
